<?xml version="1.0" encoding="utf-8"?>
<Project xmlns="http://schemas.microsoft.com/developer/msbuild/2003" ToolsVersion="4.0">
  <ItemGroup>
    <Filter Include="Header Files">
      <UniqueIdentifier>{4D1BFFCC-9CEB-4ABF-A951-582870FE71FD}</UniqueIdentifier>
      <Extensions>h;hpp;hxx;hm;inl;inc;xsd</Extensions>
    </Filter>
    <Filter Include="Header Files\TouchGFX">
      <UniqueIdentifier>{29C60541-803D-4F43-8683-028D9DA5E0CB}</UniqueIdentifier>
    </Filter>
    <Filter Include="Header Files\TouchGFX\common">
      <UniqueIdentifier>{AF2BF67C-89EC-4545-B0D2-5BD6803628D4}</UniqueIdentifier>
    </Filter>
    <Filter Include="Header Files\TouchGFX\mvp">
      <UniqueIdentifier>{A8F51E02-A400-49F1-AC86-371872A7E5E6}</UniqueIdentifier>
    </Filter>
    <Filter Include="Header Files\TouchGFX\platform">
      <UniqueIdentifier>{493CF637-721C-4516-8638-3EE4790FB455}</UniqueIdentifier>
    </Filter>
    <Filter Include="Header Files\TouchGFX\touchgfx">
      <UniqueIdentifier>{7187028B-6482-4EB3-8556-EECD38E0636B}</UniqueIdentifier>
    </Filter>
    <Filter Include="Header Files\TouchGFX\platform\driver">
      <UniqueIdentifier>{D2E6B448-6B79-434F-A8EB-C8F8415957E9}</UniqueIdentifier>
    </Filter>
    <Filter Include="Header Files\TouchGFX\platform\hal">
      <UniqueIdentifier>{07737357-9365-4A8F-B2F6-908B5FC4E808}</UniqueIdentifier>
    </Filter>
    <Filter Include="Header Files\TouchGFX\touchgfx\canvas_widget_renderer">
      <UniqueIdentifier>{085B248B-6BE1-4BF8-9913-35526BAEE4C7}</UniqueIdentifier>
    </Filter>
    <Filter Include="Header Files\TouchGFX\touchgfx\containers">
      <UniqueIdentifier>{E08C6B18-2F0E-4861-87D5-80FB0411017E}</UniqueIdentifier>
    </Filter>
    <Filter Include="Header Files\TouchGFX\touchgfx\events">
      <UniqueIdentifier>{29D72404-E5CB-472C-B00F-3784DF3CCD1E}</UniqueIdentifier>
    </Filter>
    <Filter Include="Header Files\TouchGFX\touchgfx\hal">
      <UniqueIdentifier>{09561B72-532B-45EB-8E32-CAA31C349F83}</UniqueIdentifier>
    </Filter>
    <Filter Include="Header Files\TouchGFX\touchgfx\lcd">
      <UniqueIdentifier>{A89B6308-CBC1-48EC-BF14-B3C6106FACCE}</UniqueIdentifier>
    </Filter>
    <Filter Include="Header Files\TouchGFX\touchgfx\mixins">
      <UniqueIdentifier>{DB82A963-BE52-4494-BD5E-358C5E79C081}</UniqueIdentifier>
    </Filter>
    <Filter Include="Header Files\TouchGFX\touchgfx\transforms">
      <UniqueIdentifier>{509E01BB-FBF4-4198-B748-936C1B67839A}</UniqueIdentifier>
    </Filter>
    <Filter Include="Header Files\TouchGFX\touchgfx\transitions">
      <UniqueIdentifier>{3F023E56-225A-4D4C-9D20-74447A23BAD9}</UniqueIdentifier>
    </Filter>
    <Filter Include="Header Files\TouchGFX\touchgfx\widgets">
      <UniqueIdentifier>{0E9A8FD3-B71B-46B9-B1F6-3A18292FFAC4}</UniqueIdentifier>
    </Filter>
    <Filter Include="Header Files\TouchGFX\platform\driver\lcd">
      <UniqueIdentifier>{9B32A742-EBA9-4EBA-832E-0421D7E68BC5}</UniqueIdentifier>
    </Filter>
    <Filter Include="Header Files\TouchGFX\platform\driver\touch">
      <UniqueIdentifier>{8C31441B-2191-4B32-869D-7B253AECB28F}</UniqueIdentifier>
    </Filter>
    <Filter Include="Header Files\TouchGFX\platform\hal\simulator">
      <UniqueIdentifier>{464CC9FB-AFF6-4FFA-B4D8-BCAC4B2B8898}</UniqueIdentifier>
    </Filter>
    <Filter Include="Header Files\TouchGFX\touchgfx\containers\clock">
      <UniqueIdentifier>{B7237C13-DD69-4F78-8446-9A554431E3F8}</UniqueIdentifier>
    </Filter>
    <Filter Include="Header Files\TouchGFX\touchgfx\containers\progress_indicators">
      <UniqueIdentifier>{5E0E884F-0059-4306-94BA-3197219750E3}</UniqueIdentifier>
    </Filter>
    <Filter Include="Header Files\TouchGFX\touchgfx\widgets\canvas">
      <UniqueIdentifier>{DBFF640A-BD63-40BC-A0A5-2468BC461037}</UniqueIdentifier>
    </Filter>
    <Filter Include="Header Files\TouchGFX\platform\hal\simulator\sdl2">
      <UniqueIdentifier>{EA3962C0-553C-4CFD-A89B-A116A9493818}</UniqueIdentifier>
    </Filter>
    <Filter Include="Header Files\generated">
      <UniqueIdentifier>{29C60541-803D-4F44-8783-028D9DA5E0CC}</UniqueIdentifier>
    </Filter>
    <Filter Include="Header Files\generated\simulator">
      <UniqueIdentifier>{29C60541-803D-4F43-8683-028D9DA5E0CC}</UniqueIdentifier>
    </Filter>
    <Filter Include="Resource Files">
      <UniqueIdentifier>{92BBFF14-FBDB-4755-BA47-A830D863D92B}</UniqueIdentifier>
      <Extensions>rc;ico;cur;bmp;dlg;rc2;rct;bin;rgs;gif;jpg;jpeg;jpe;resx;tiff;tif;ttf;otf;bdf;png;wav;xml;props;mfcribbon-ms</Extensions>
    </Filter>
    <Filter Include="Resource Files\assets">
      <UniqueIdentifier>{AF899B0F-78BE-47F9-A912-E92CB9156E40}</UniqueIdentifier>
    </Filter>
    <Filter Include="Resource Files\config">
      <UniqueIdentifier>{29E8A9F8-6504-4625-AB47-671A3F665E51}</UniqueIdentifier>
    </Filter>
    <Filter Include="Resource Files\assets\texts">
      <UniqueIdentifier>{382278FD-2B19-4E89-AE4F-24AF77E7A270}</UniqueIdentifier>
    </Filter>
    <Filter Include="Resource Files\config\msvs">
      <UniqueIdentifier>{C24EAEDB-9A3F-43DC-87FB-C7AC2729A078}</UniqueIdentifier>
    </Filter>
    <Filter Include="Source Files">
      <UniqueIdentifier>{2F3FC0AA-97C4-4366-9939-94A0FF4E028C}</UniqueIdentifier>
      <Extensions>cpp;c;cc;cxx;def;odl;idl;hpj;bat;asm;asmx</Extensions>
    </Filter>
    <Filter Include="Source Files\TouchGFX">
      <UniqueIdentifier>{C07B02A9-A55E-47AA-AD61-59A6AAD754E6}</UniqueIdentifier>
    </Filter>
    <Filter Include="Source Files\TouchGFX\platform">
      <UniqueIdentifier>{33EDC2DB-AF72-480C-92E5-2A2833BCAB6F}</UniqueIdentifier>
    </Filter>
    <Filter Include="Source Files\TouchGFX\platform\driver">
      <UniqueIdentifier>{1D8EFD90-430A-4539-9080-16A38861D20A}</UniqueIdentifier>
    </Filter>
    <Filter Include="Source Files\TouchGFX\platform\hal">
      <UniqueIdentifier>{E8DECBF2-0C8E-4397-8603-3101D6F922D6}</UniqueIdentifier>
    </Filter>
    <Filter Include="Source Files\TouchGFX\platform\driver\touch">
      <UniqueIdentifier>{40F0D55D-79D9-488A-AF83-ADC96179EADF}</UniqueIdentifier>
    </Filter>
    <Filter Include="Source Files\TouchGFX\platform\hal\simulator">
      <UniqueIdentifier>{3FB50DD5-31DA-4042-B7FD-2151C58CDA80}</UniqueIdentifier>
    </Filter>
    <Filter Include="Source Files\TouchGFX\platform\hal\simulator\sdl2">
      <UniqueIdentifier>{B48CB42B-0F9E-4815-BFE1-1ACC1150ED8A}</UniqueIdentifier>
    </Filter>
    <Filter Include="Source Files\simulator">
      <UniqueIdentifier>{C07B03A9-A55E-47AA-AD61-59A6AAD754E6}</UniqueIdentifier>
    </Filter>
    <Filter Include="Source Files\generated">
      <UniqueIdentifier>{C07B02B9-A55E-47AB-AD61-59A6AAD754E6}</UniqueIdentifier>
    </Filter>
    <Filter Include="Source Files\generated\simulator">
      <UniqueIdentifier>{C07B02B9-A55E-47AA-AD61-59A6AAD754E6}</UniqueIdentifier>
    </Filter>
    <Filter Include="Header Files\gui">
      <UniqueIdentifier>8528C1FA-2D70-019B-6DE9-41CE44C26E1D</UniqueIdentifier>
    </Filter>
    <Filter Include="Source Files\gui">
      <UniqueIdentifier>B4DDE533-AC62-13A3-A1A7-172C1B749496</UniqueIdentifier>
    </Filter>
    <Filter Include="Header Files\gui\model">
      <UniqueIdentifier>CAFB7029-3FDC-3476-7658-81C1658A704C</UniqueIdentifier>
    </Filter>
    <Filter Include="Source Files\gui\model">
      <UniqueIdentifier>BED38128-ABD1-F90C-B160-3D4D325299FE</UniqueIdentifier>
    </Filter>
    <Filter Include="Header Files\generated\gui_generated">
      <UniqueIdentifier>4BE4C214-B76E-20C4-BDB2-830A550012E1</UniqueIdentifier>
    </Filter>
    <Filter Include="Header Files\gui\common">
      <UniqueIdentifier>DC553F8C-D801-7C76-F081-CD00B9DBB68C</UniqueIdentifier>
    </Filter>
    <Filter Include="Source Files\generated\gui_generated">
      <UniqueIdentifier>1F382E75-CC8E-D18C-D035-323747CC9866</UniqueIdentifier>
    </Filter>
    <Filter Include="Source Files\gui\common">
      <UniqueIdentifier>5ACE9AB7-BD40-54B4-E76F-7551A7496277</UniqueIdentifier>
    </Filter>
    <Filter Include="Header Files\generated\simulator\include">
      <UniqueIdentifier>BD155FA9-BF78-6A1D-1891-C017486E02D1</UniqueIdentifier>
    </Filter>
    <Filter Include="Header Files\generated\gui_generated\common">
      <UniqueIdentifier>4930359B-C458-065C-91D1-6D89F307D534</UniqueIdentifier>
    </Filter>
    <Filter Include="Source Files\generated\gui_generated\common">
      <UniqueIdentifier>3BFCD24E-DA51-A87C-6535-C4DD8C88AF6F</UniqueIdentifier>
    </Filter>
    <Filter Include="Source Files\generated\simulator\video">
      <UniqueIdentifier>953EB85F-423B-397D-D7B2-E156C1E9C2F7</UniqueIdentifier>
    </Filter>
    <Filter Include="Header Files\generated\simulator\include\simulator">
      <UniqueIdentifier>ECF08848-41D7-EFC8-FD36-12C6AA261BAE</UniqueIdentifier>
    </Filter>
    <Filter Include="Header Files\generated\simulator\include\simulator\video">
      <UniqueIdentifier>D1470B38-260A-47F1-CE82-D0452A5854EC</UniqueIdentifier>
    </Filter>
    <Filter Include="Header Files\gui\bootscreen_screen">
      <UniqueIdentifier>9BACCDA4-B5CC-8A38-F278-9A0AE32D5483</UniqueIdentifier>
    </Filter>
    <Filter Include="Source Files\gui\bootscreen_screen">
      <UniqueIdentifier>E699DA3B-CD1B-EF12-98DC-66C025FC1902</UniqueIdentifier>
    </Filter>
    <Filter Include="Header Files\generated\gui_generated\bootscreen_screen">
      <UniqueIdentifier>16B33BB0-6752-B2C6-8BBE-17C2C6BE6A33</UniqueIdentifier>
    </Filter>
    <Filter Include="Source Files\generated\gui_generated\bootscreen_screen">
      <UniqueIdentifier>6372D465-4B32-B975-F315-6CBDFD1D0E91</UniqueIdentifier>
    </Filter>
    <Filter Include="Header Files\gui\desktopscreen_screen">
      <UniqueIdentifier>28262D2E-3B74-6C1C-713A-D0599A4FF30F</UniqueIdentifier>
    </Filter>
    <Filter Include="Source Files\gui\desktopscreen_screen">
      <UniqueIdentifier>EC0E8241-5457-4997-1BE8-ABF04FD1269D</UniqueIdentifier>
    </Filter>
    <Filter Include="Source Files\generated\gui_generated\desktopscreen_screen">
      <UniqueIdentifier>68D76DEE-E876-5AE9-CAA2-3BAACDE340CE</UniqueIdentifier>
    </Filter>
    <Filter Include="Header Files\generated\gui_generated\desktopscreen_screen">
      <UniqueIdentifier>14D07840-D454-BD3E-E32D-C0D0112DB959</UniqueIdentifier>
    </Filter>
    <Filter Include="Source Files\gui\containers">
      <UniqueIdentifier>8453543F-14C9-1509-3039-1F5365EFE37B</UniqueIdentifier>
    </Filter>
    <Filter Include="Header Files\gui\containers">
      <UniqueIdentifier>A0321398-16B4-A3D1-3A7C-AC12C9F7D5DE</UniqueIdentifier>
    </Filter>
    <Filter Include="Source Files\generated\gui_generated\containers">
      <UniqueIdentifier>023A1930-9D2B-00EB-FA24-30DFB9B174E0</UniqueIdentifier>
    </Filter>
    <Filter Include="Header Files\generated\gui_generated\containers">
      <UniqueIdentifier>2A1FF348-494A-7D66-9319-91A649273683</UniqueIdentifier>
    </Filter>
    <Filter Include="Source Files\gui\settingscreen_screen">
      <UniqueIdentifier>93E360CD-425E-F437-BA0A-76295504671C</UniqueIdentifier>
    </Filter>
    <Filter Include="Header Files\gui\settingscreen_screen">
      <UniqueIdentifier>F5801CAD-53F3-6F35-2AFD-580CCFD41700</UniqueIdentifier>
    </Filter>
    <Filter Include="Header Files\generated\gui_generated\settingscreen_screen">
      <UniqueIdentifier>31099BA3-B671-D11C-AD25-0D9A834C655F</UniqueIdentifier>
    </Filter>
    <Filter Include="Source Files\generated\gui_generated\settingscreen_screen">
      <UniqueIdentifier>B33EB227-3FD7-545C-7835-953E7216E2CB</UniqueIdentifier>
    </Filter>
    <Filter Include="Source Files\gui\paddysowingscreen_screen">
      <UniqueIdentifier>A57EF966-9704-5A02-5382-9ACDC418E386</UniqueIdentifier>
    </Filter>
    <Filter Include="Header Files\gui\paddysowingscreen_screen">
      <UniqueIdentifier>BCAAF522-4980-AC07-46CA-85EE4B2ACE85</UniqueIdentifier>
    </Filter>
    <Filter Include="Header Files\generated\gui_generated\paddysowingscreen_screen">
      <UniqueIdentifier>77C1A14A-18B9-3F08-B7AE-EB9BC7073FF9</UniqueIdentifier>
    </Filter>
    <Filter Include="Source Files\generated\gui_generated\paddysowingscreen_screen">
      <UniqueIdentifier>0303C884-6BD6-99A1-E8C5-8061AB92A8CA</UniqueIdentifier>
    </Filter>
    <Filter Include="Source Files\gui\filemanagerscreen_screen">
      <UniqueIdentifier>E48DD4CA-0869-08C9-A673-4B6A96FD77D5</UniqueIdentifier>
    </Filter>
    <Filter Include="Header Files\gui\filemanagerscreen_screen">
      <UniqueIdentifier>AB601192-276E-B83B-B7F7-345E7AFE8555</UniqueIdentifier>
    </Filter>
    <Filter Include="Source Files\generated\gui_generated\filemanagerscreen_screen">
      <UniqueIdentifier>3BE82A37-1EC0-3E80-82A2-705CFC9288B0</UniqueIdentifier>
    </Filter>
    <Filter Include="Header Files\generated\gui_generated\filemanagerscreen_screen">
      <UniqueIdentifier>9D7EC74A-D4D3-5A55-3A34-86F96A910007</UniqueIdentifier>
    </Filter>
    <Filter Include="Header Files\gui\usbinterconnectionscreen_screen">
      <UniqueIdentifier>FB4FC064-2213-C0C0-FE74-3B4318582C46</UniqueIdentifier>
    </Filter>
    <Filter Include="Source Files\gui\usbinterconnectionscreen_screen">
      <UniqueIdentifier>E5877A26-12A1-52F8-F94D-1CE235F0ABA9</UniqueIdentifier>
    </Filter>
    <Filter Include="Header Files\generated\gui_generated\usbinterconnectionscreen_screen">
      <UniqueIdentifier>0899FD23-6663-1B8B-9A7A-23F3119C092D</UniqueIdentifier>
    </Filter>
    <Filter Include="Source Files\generated\gui_generated\usbinterconnectionscreen_screen">
      <UniqueIdentifier>08FB3F18-109E-3139-EA78-3FBCF92686BD</UniqueIdentifier>
    </Filter>
    <Filter Include="Source Files\gui\slavecontrolscreen_screen">
      <UniqueIdentifier>DCA932A6-E22F-1193-FA7B-D9287809D7A9</UniqueIdentifier>
    </Filter>
    <Filter Include="Header Files\gui\slavecontrolscreen_screen">
      <UniqueIdentifier>9EE22617-72A3-BBD0-20AE-501DF14E6E5E</UniqueIdentifier>
    </Filter>
    <Filter Include="Header Files\generated\gui_generated\slavecontrolscreen_screen">
      <UniqueIdentifier>843EE8AD-E75B-8BA5-3E65-46A89B4C02D0</UniqueIdentifier>
    </Filter>
    <Filter Include="Source Files\generated\gui_generated\slavecontrolscreen_screen">
      <UniqueIdentifier>71A86D1F-9521-EA50-B86F-C31090DD8432</UniqueIdentifier>
    </Filter>
    <Filter Include="Source Files\gui\rtkconfigurationscreen_screen">
      <UniqueIdentifier>CB64E4F3-6329-BA07-EAC3-2518906AC687</UniqueIdentifier>
    </Filter>
    <Filter Include="Header Files\gui\rtkconfigurationscreen_screen">
      <UniqueIdentifier>E8D25C87-1C79-67F6-8164-958BC0190B08</UniqueIdentifier>
    </Filter>
    <Filter Include="Header Files\generated\gui_generated\rtkconfigurationscreen_screen">
      <UniqueIdentifier>8ECDC951-5190-9385-049D-C8A40122DF74</UniqueIdentifier>
    </Filter>
    <Filter Include="Source Files\generated\gui_generated\rtkconfigurationscreen_screen">
      <UniqueIdentifier>5A59B154-EE19-C7F2-6F6A-BB3C043BF73E</UniqueIdentifier>
    </Filter>
    <Filter Include="Source Files\gui\screen_4gmodulesetup_screen">
      <UniqueIdentifier>768B73A8-2A06-B151-182C-1895F5A0CF4C</UniqueIdentifier>
    </Filter>
    <Filter Include="Header Files\gui\screen_4gmodulesetup_screen">
      <UniqueIdentifier>06C7C3C0-8958-3AB8-4A4A-71AF81C288F0</UniqueIdentifier>
    </Filter>
    <Filter Include="Header Files\generated\gui_generated\screen_4gmodulesetup_screen">
      <UniqueIdentifier>574D135F-449E-3518-2B06-2CFAD95828C1</UniqueIdentifier>
    </Filter>
    <Filter Include="Source Files\generated\gui_generated\screen_4gmodulesetup_screen">
      <UniqueIdentifier>52A5DD18-8C71-A7D2-4775-8D2D274B5FD2</UniqueIdentifier>
    </Filter>
    <Filter Include="Header Files\gui\radiosscom_screen_screen">
      <UniqueIdentifier>6CC42B4E-9FA4-4F5C-5D9F-683991D403EF</UniqueIdentifier>
    </Filter>
    <Filter Include="Source Files\gui\radiosscom_screen_screen">
      <UniqueIdentifier>8DBB309C-A9C1-16ED-2582-4CD1CBAD1EE9</UniqueIdentifier>
    </Filter>
    <Filter Include="Header Files\generated\gui_generated\radiosscom_screen_screen">
      <UniqueIdentifier>BBA07642-96AE-CB42-9B66-0B1CA81F4509</UniqueIdentifier>
    </Filter>
    <Filter Include="Source Files\generated\gui_generated\radiosscom_screen_screen">
      <UniqueIdentifier>5CFA5951-8FCB-F2AD-D7EB-96B54C1C71C5</UniqueIdentifier>
    </Filter>
    <Filter Include="Header Files\gui\nesscreen_screen">
      <UniqueIdentifier>24A5F2C9-A720-52DA-B4F9-404E716D2186</UniqueIdentifier>
    </Filter>
    <Filter Include="Source Files\gui\nesscreen_screen">
      <UniqueIdentifier>CD13815F-2BE5-37A3-794F-F2E056AE9160</UniqueIdentifier>
    </Filter>
    <Filter Include="Header Files\generated\gui_generated\nesscreen_screen">
      <UniqueIdentifier>95C65732-2DB8-38A3-1B43-FBA8AA3A07AB</UniqueIdentifier>
    </Filter>
    <Filter Include="Source Files\generated\gui_generated\nesscreen_screen">
      <UniqueIdentifier>B7B22FF1-4EB8-6995-18CF-DF8E13C9DACA</UniqueIdentifier>
    </Filter>
    <Filter Include="Source Files\gui\common\ScrollingWheels">
      <UniqueIdentifier>A9CE2486-EA32-6A3A-0D7B-5A0BD8B60E8C</UniqueIdentifier>
    </Filter>
    <Filter Include="Header Files\gui\common\ScrollingWheels">
      <UniqueIdentifier>C0235C87-47DE-3D3C-3798-3D3BF76511E1</UniqueIdentifier>
    </Filter>
    <Filter Include="Header Files\gui\motiontrailscreen_screen">
      <UniqueIdentifier>EF1CC324-FF35-DD27-C3DD-B368D638ABF1</UniqueIdentifier>
    </Filter>
    <Filter Include="Source Files\gui\motiontrailscreen_screen">
      <UniqueIdentifier>D1E2B66E-1713-A063-131E-DEE154DC1AD1</UniqueIdentifier>
    </Filter>
    <Filter Include="Source Files\generated\gui_generated\motiontrailscreen_screen">
      <UniqueIdentifier>32DE889F-966C-7739-5454-0E1565D43EC4</UniqueIdentifier>
    </Filter>
    <Filter Include="Header Files\generated\gui_generated\motiontrailscreen_screen">
      <UniqueIdentifier>CFB1B680-BBBA-1B19-BFAA-AA663C3679D8</UniqueIdentifier>
    </Filter>
  </ItemGroup>
  <ItemGroup>
    <ClCompile Include="$(TouchGFXReleasePath)\framework\source\platform\driver\touch\SDL2TouchController.cpp">
      <Filter>Source Files\TouchGFX\platform\driver\touch</Filter>
    </ClCompile>
    <ClCompile Include="$(TouchGFXReleasePath)\framework\source\platform\hal\simulator\sdl2\HALSDL2.cpp">
      <Filter>Source Files\TouchGFX\platform\hal\simulator\sdl2</Filter>
    </ClCompile>
    <ClCompile Include="$(TouchGFXReleasePath)\framework\source\platform\hal\simulator\sdl2\HALSDL2_icon.cpp">
      <Filter>Source Files\TouchGFX\platform\hal\simulator\sdl2</Filter>
    </ClCompile>
    <ClCompile Include="$(TouchGFXReleasePath)\framework\source\platform\hal\simulator\sdl2\OSWrappers.cpp">
      <Filter>Source Files\TouchGFX\platform\hal\simulator\sdl2</Filter>
    </ClCompile>
    <ClCompile Include="$(ApplicationRoot)\simulator\main.cpp">
      <Filter>Source Files\simulator</Filter>
    </ClCompile>
    <ClCompile Include="$(ApplicationRoot)\generated\simulator\src\mainBase.cpp">
      <Filter>Source Files\generated\simulator</Filter>
    </ClCompile>
    <ClCompile Include="..\..\gui\src\common\FrontendApplication.cpp">
      <Filter>Source Files\gui\common</Filter>
    </ClCompile>
    <ClCompile Include="..\..\generated\gui_generated\src\common\FrontendApplicationBase.cpp">
      <Filter>Source Files\generated\gui_generated\common</Filter>
    </ClCompile>
    <ClCompile Include="..\..\gui\src\model\Model.cpp">
      <Filter>Source Files\gui\model</Filter>
    </ClCompile>
    <ClCompile Include="..\..\generated\simulator\src\video\SoftwareMJPEGDecoder.cpp">
      <Filter>Source Files\generated\simulator\video</Filter>
    </ClCompile>
    <ClCompile Include="..\..\gui\src\bootscreen_screen\BootScreenPresenter.cpp">
      <Filter>Source Files\gui\bootscreen_screen</Filter>
    </ClCompile>
    <ClCompile Include="..\..\gui\src\bootscreen_screen\BootScreenView.cpp">
      <Filter>Source Files\gui\bootscreen_screen</Filter>
    </ClCompile>
    <ClCompile Include="..\..\generated\gui_generated\src\bootscreen_screen\BootScreenViewBase.cpp">
      <Filter>Source Files\generated\gui_generated\bootscreen_screen</Filter>
    </ClCompile>
    <ClCompile Include="..\..\gui\src\desktopscreen_screen\DesktopScreenPresenter.cpp">
      <Filter>Source Files\gui\desktopscreen_screen</Filter>
    </ClCompile>
    <ClCompile Include="..\..\gui\src\desktopscreen_screen\DesktopScreenView.cpp">
      <Filter>Source Files\gui\desktopscreen_screen</Filter>
    </ClCompile>
    <ClCompile Include="..\..\generated\gui_generated\src\desktopscreen_screen\DesktopScreenViewBase.cpp">
      <Filter>Source Files\generated\gui_generated\desktopscreen_screen</Filter>
    </ClCompile>
    <ClCompile Include="..\..\gui\src\containers\NotificationBarContainer.cpp">
      <Filter>Source Files\gui\containers</Filter>
    </ClCompile>
    <ClCompile Include="..\..\generated\gui_generated\src\containers\NotificationBarContainerBase.cpp">
      <Filter>Source Files\generated\gui_generated\containers</Filter>
    </ClCompile>
    <ClCompile Include="..\..\gui\src\containers\StatusBarContainer.cpp">
      <Filter>Source Files\gui\containers</Filter>
    </ClCompile>
    <ClCompile Include="..\..\generated\gui_generated\src\containers\StatusBarContainerBase.cpp">
      <Filter>Source Files\generated\gui_generated\containers</Filter>
    </ClCompile>
    <ClCompile Include="..\..\gui\src\containers\NavigationBarContainer.cpp">
      <Filter>Source Files\gui\containers</Filter>
    </ClCompile>
    <ClCompile Include="..\..\generated\gui_generated\src\containers\NavigationBarContainerBase.cpp">
      <Filter>Source Files\generated\gui_generated\containers</Filter>
    </ClCompile>
    <ClCompile Include="..\..\gui\src\settingscreen_screen\SettingScreenPresenter.cpp">
      <Filter>Source Files\gui\settingscreen_screen</Filter>
    </ClCompile>
    <ClCompile Include="..\..\gui\src\settingscreen_screen\SettingScreenView.cpp">
      <Filter>Source Files\gui\settingscreen_screen</Filter>
    </ClCompile>
    <ClCompile Include="..\..\generated\gui_generated\src\settingscreen_screen\SettingScreenViewBase.cpp">
      <Filter>Source Files\generated\gui_generated\settingscreen_screen</Filter>
    </ClCompile>
    <ClCompile Include="..\..\gui\src\paddysowingscreen_screen\PaddySowingScreenPresenter.cpp">
      <Filter>Source Files\gui\paddysowingscreen_screen</Filter>
    </ClCompile>
    <ClCompile Include="..\..\gui\src\paddysowingscreen_screen\PaddySowingScreenView.cpp">
      <Filter>Source Files\gui\paddysowingscreen_screen</Filter>
    </ClCompile>
    <ClCompile Include="..\..\generated\gui_generated\src\paddysowingscreen_screen\PaddySowingScreenViewBase.cpp">
      <Filter>Source Files\generated\gui_generated\paddysowingscreen_screen</Filter>
    </ClCompile>
    <ClCompile Include="..\..\gui\src\containers\SeedContainer.cpp">
      <Filter>Source Files\gui\containers</Filter>
    </ClCompile>
    <ClCompile Include="..\..\generated\gui_generated\src\containers\SeedContainerBase.cpp">
      <Filter>Source Files\generated\gui_generated\containers</Filter>
    </ClCompile>
    <ClCompile Include="..\..\gui\src\filemanagerscreen_screen\FileManagerScreenPresenter.cpp">
      <Filter>Source Files\gui\filemanagerscreen_screen</Filter>
    </ClCompile>
    <ClCompile Include="..\..\gui\src\filemanagerscreen_screen\FileManagerScreenView.cpp">
      <Filter>Source Files\gui\filemanagerscreen_screen</Filter>
    </ClCompile>
    <ClCompile Include="..\..\generated\gui_generated\src\filemanagerscreen_screen\FileManagerScreenViewBase.cpp">
      <Filter>Source Files\generated\gui_generated\filemanagerscreen_screen</Filter>
    </ClCompile>
    <ClCompile Include="..\..\gui\src\containers\FileManagerContainer.cpp">
      <Filter>Source Files\gui\containers</Filter>
    </ClCompile>
    <ClCompile Include="..\..\generated\gui_generated\src\containers\FileManagerContainerBase.cpp">
      <Filter>Source Files\generated\gui_generated\containers</Filter>
    </ClCompile>
    <ClCompile Include="..\..\gui\src\containers\BookStarContainer.cpp">
      <Filter>Source Files\gui\containers</Filter>
    </ClCompile>
    <ClCompile Include="..\..\generated\gui_generated\src\containers\BookStarContainerBase.cpp">
      <Filter>Source Files\generated\gui_generated\containers</Filter>
    </ClCompile>
    <ClCompile Include="..\..\gui\src\usbinterconnectionscreen_screen\USBInterconnectionScreenPresenter.cpp">
      <Filter>Source Files\gui\usbinterconnectionscreen_screen</Filter>
    </ClCompile>
    <ClCompile Include="..\..\gui\src\usbinterconnectionscreen_screen\USBInterconnectionScreenView.cpp">
      <Filter>Source Files\gui\usbinterconnectionscreen_screen</Filter>
    </ClCompile>
    <ClCompile Include="..\..\generated\gui_generated\src\usbinterconnectionscreen_screen\USBInterconnectionScreenViewBase.cpp">
      <Filter>Source Files\generated\gui_generated\usbinterconnectionscreen_screen</Filter>
    </ClCompile>
    <ClCompile Include="..\..\gui\src\slavecontrolscreen_screen\SlaveControlScreenPresenter.cpp">
      <Filter>Source Files\gui\slavecontrolscreen_screen</Filter>
    </ClCompile>
    <ClCompile Include="..\..\gui\src\slavecontrolscreen_screen\SlaveControlScreenView.cpp">
      <Filter>Source Files\gui\slavecontrolscreen_screen</Filter>
    </ClCompile>
    <ClCompile Include="..\..\generated\gui_generated\src\slavecontrolscreen_screen\SlaveControlScreenViewBase.cpp">
      <Filter>Source Files\generated\gui_generated\slavecontrolscreen_screen</Filter>
    </ClCompile>
    <ClCompile Include="..\..\gui\src\containers\KeyBoardContainer.cpp">
      <Filter>Source Files\gui\containers</Filter>
    </ClCompile>
    <ClCompile Include="..\..\generated\gui_generated\src\containers\KeyBoardContainerBase.cpp">
      <Filter>Source Files\generated\gui_generated\containers</Filter>
    </ClCompile>
    <ClCompile Include="..\..\gui\src\containers\T9_Input.cpp">
      <Filter>Source Files\gui\containers</Filter>
    </ClCompile>
    <ClCompile Include="..\..\gui\src\rtkconfigurationscreen_screen\RTKConfigurationScreenPresenter.cpp">
      <Filter>Source Files\gui\rtkconfigurationscreen_screen</Filter>
    </ClCompile>
    <ClCompile Include="..\..\gui\src\rtkconfigurationscreen_screen\RTKConfigurationScreenView.cpp">
      <Filter>Source Files\gui\rtkconfigurationscreen_screen</Filter>
    </ClCompile>
    <ClCompile Include="..\..\generated\gui_generated\src\rtkconfigurationscreen_screen\RTKConfigurationScreenViewBase.cpp">
      <Filter>Source Files\generated\gui_generated\rtkconfigurationscreen_screen</Filter>
    </ClCompile>
    <ClCompile Include="..\..\gui\src\screen_4gmodulesetup_screen\Screen_4GModuleSetupPresenter.cpp">
      <Filter>Source Files\gui\screen_4gmodulesetup_screen</Filter>
    </ClCompile>
    <ClCompile Include="..\..\gui\src\screen_4gmodulesetup_screen\Screen_4GModuleSetupView.cpp">
      <Filter>Source Files\gui\screen_4gmodulesetup_screen</Filter>
    </ClCompile>
    <ClCompile Include="..\..\generated\gui_generated\src\screen_4gmodulesetup_screen\Screen_4GModuleSetupViewBase.cpp">
      <Filter>Source Files\generated\gui_generated\screen_4gmodulesetup_screen</Filter>
    </ClCompile>
    <ClCompile Include="..\..\gui\src\containers\Setup4GContainer1.cpp">
      <Filter>Source Files\gui\containers</Filter>
    </ClCompile>
    <ClCompile Include="..\..\generated\gui_generated\src\containers\Setup4GContainer1Base.cpp">
      <Filter>Source Files\generated\gui_generated\containers</Filter>
    </ClCompile>
    <ClCompile Include="..\..\gui\src\containers\Setup4GContainer2.cpp">
      <Filter>Source Files\gui\containers</Filter>
    </ClCompile>
    <ClCompile Include="..\..\generated\gui_generated\src\containers\Setup4GContainer2Base.cpp">
      <Filter>Source Files\generated\gui_generated\containers</Filter>
    </ClCompile>
    <ClCompile Include="..\..\gui\src\radiosscom_screen_screen\RadioSSCOM_ScreenPresenter.cpp">
      <Filter>Source Files\gui\radiosscom_screen_screen</Filter>
    </ClCompile>
    <ClCompile Include="..\..\gui\src\radiosscom_screen_screen\RadioSSCOM_ScreenView.cpp">
      <Filter>Source Files\gui\radiosscom_screen_screen</Filter>
    </ClCompile>
    <ClCompile Include="..\..\generated\gui_generated\src\radiosscom_screen_screen\RadioSSCOM_ScreenViewBase.cpp">
      <Filter>Source Files\generated\gui_generated\radiosscom_screen_screen</Filter>
    </ClCompile>
    <ClCompile Include="..\..\gui\src\containers\NESContainer.cpp">
      <Filter>Source Files\gui\containers</Filter>
    </ClCompile>
    <ClCompile Include="..\..\generated\gui_generated\src\containers\NESContainerBase.cpp">
      <Filter>Source Files\generated\gui_generated\containers</Filter>
    </ClCompile>
    <ClCompile Include="..\..\gui\src\nesscreen_screen\NESScreenPresenter.cpp">
      <Filter>Source Files\gui\nesscreen_screen</Filter>
    </ClCompile>
    <ClCompile Include="..\..\gui\src\nesscreen_screen\NESScreenView.cpp">
      <Filter>Source Files\gui\nesscreen_screen</Filter>
    </ClCompile>
    <ClCompile Include="..\..\generated\gui_generated\src\nesscreen_screen\NESScreenViewBase.cpp">
      <Filter>Source Files\generated\gui_generated\nesscreen_screen</Filter>
    </ClCompile>
    <ClCompile Include="..\..\gui\src\common\ScrollingWheels\ClickableContainer.cpp">
      <Filter>Source Files\gui\common\ScrollingWheels</Filter>
    </ClCompile>
    <ClCompile Include="..\..\gui\src\common\ParticleEffect.cpp">
      <Filter>Source Files\gui\common</Filter>
    </ClCompile>
    <ClCompile Include="..\..\gui\src\common\ScrollingWheels\ParticlesScrollingWheel.cpp">
      <Filter>Source Files\gui\common\ScrollingWheels</Filter>
    </ClCompile>
    <ClCompile Include="..\..\gui\src\common\ScrollingWheels\ScrollingMenu.cpp">
      <Filter>Source Files\gui\common\ScrollingWheels</Filter>
    </ClCompile>
    <ClCompile Include="..\..\gui\src\common\ScrollingWheels\ScrollingWheel.cpp">
      <Filter>Source Files\gui\common\ScrollingWheels</Filter>
    </ClCompile>
    <ClCompile Include="..\..\gui\src\common\ScrollingWheels\SparseContainerList.cpp">
      <Filter>Source Files\gui\common\ScrollingWheels</Filter>
    </ClCompile>
    <ClCompile Include="..\..\gui\src\common\ScrollingWheels\TouchForwarder.cpp">
      <Filter>Source Files\gui\common\ScrollingWheels</Filter>
    </ClCompile>
    <ClCompile Include="..\..\gui\src\motiontrailscreen_screen\MotionTrailScreenPresenter.cpp">
      <Filter>Source Files\gui\motiontrailscreen_screen</Filter>
    </ClCompile>
    <ClCompile Include="..\..\gui\src\motiontrailscreen_screen\MotionTrailScreenView.cpp">
      <Filter>Source Files\gui\motiontrailscreen_screen</Filter>
    </ClCompile>
    <ClCompile Include="..\..\generated\gui_generated\src\motiontrailscreen_screen\MotionTrailScreenViewBase.cpp">
      <Filter>Source Files\generated\gui_generated\motiontrailscreen_screen</Filter>
    </ClCompile>
    <ClCompile Include="..\..\gui\src\containers\CoordinateDotContainer.cpp">
      <Filter>Source Files\gui\containers</Filter>
    </ClCompile>
    <ClCompile Include="..\..\generated\gui_generated\src\containers\CoordinateDotContainerBase.cpp">
      <Filter>Source Files\generated\gui_generated\containers</Filter>
    </ClCompile>
    <ClCompile Include="..\..\gui\src\containers\CoordinateConversion.cpp">
      <Filter>Source Files\gui\containers</Filter>
    </ClCompile>
  </ItemGroup>
  <ItemGroup>
    <None Include="$(ApplicationRoot)\assets\texts\texts.xml">
      <Filter>Resource Files\assets\texts</Filter>
    </None>
    <None Include="$(ApplicationRoot)\config\msvs\Application.props">
      <Filter>Resource Files\config\msvs</Filter>
    </None>
  </ItemGroup>
  <ItemGroup>
    <ClInclude Include="$(TouchGFXReleasePath)\framework\include\common\AbstractPartition.hpp">
      <Filter>Header Files\TouchGFX\common</Filter>
    </ClInclude>
    <ClInclude Include="$(TouchGFXReleasePath)\framework\include\common\Meta.hpp">
      <Filter>Header Files\TouchGFX\common</Filter>
    </ClInclude>
    <ClInclude Include="$(TouchGFXReleasePath)\framework\include\common\Partition.hpp">
      <Filter>Header Files\TouchGFX\common</Filter>
    </ClInclude>
    <ClInclude Include="$(TouchGFXReleasePath)\framework\include\common\TouchGFXInit.hpp">
      <Filter>Header Files\TouchGFX\common</Filter>
    </ClInclude>
    <ClInclude Include="$(TouchGFXReleasePath)\framework\include\mvp\MVPApplication.hpp">
      <Filter>Header Files\TouchGFX\mvp</Filter>
    </ClInclude>
    <ClInclude Include="$(TouchGFXReleasePath)\framework\include\mvp\MVPHeap.hpp">
      <Filter>Header Files\TouchGFX\mvp</Filter>
    </ClInclude>
    <ClInclude Include="$(TouchGFXReleasePath)\framework\include\mvp\Presenter.hpp">
      <Filter>Header Files\TouchGFX\mvp</Filter>
    </ClInclude>
    <ClInclude Include="$(TouchGFXReleasePath)\framework\include\mvp\View.hpp">
      <Filter>Header Files\TouchGFX\mvp</Filter>
    </ClInclude>
    <ClInclude Include="$(TouchGFXReleasePath)\framework\include\platform\driver\lcd\LCD16bpp.hpp">
      <Filter>Header Files\TouchGFX\platform\driver\lcd</Filter>
    </ClInclude>
    <ClInclude Include="$(TouchGFXReleasePath)\framework\include\platform\driver\lcd\LCD1bpp.hpp">
      <Filter>Header Files\TouchGFX\platform\driver\lcd</Filter>
    </ClInclude>
    <ClInclude Include="$(TouchGFXReleasePath)\framework\include\platform\driver\lcd\LCD24bpp.hpp">
      <Filter>Header Files\TouchGFX\platform\driver\lcd</Filter>
    </ClInclude>
    <ClInclude Include="$(TouchGFXReleasePath)\framework\include\platform\driver\lcd\LCD2bpp.hpp">
      <Filter>Header Files\TouchGFX\platform\driver\lcd</Filter>
    </ClInclude>
    <ClInclude Include="$(TouchGFXReleasePath)\framework\include\platform\driver\lcd\LCD4bpp.hpp">
      <Filter>Header Files\TouchGFX\platform\driver\lcd</Filter>
    </ClInclude>
    <ClInclude Include="$(TouchGFXReleasePath)\framework\include\platform\driver\touch\SDL2TouchController.hpp">
      <Filter>Header Files\TouchGFX\platform\driver\touch</Filter>
    </ClInclude>
    <ClInclude Include="$(TouchGFXReleasePath)\framework\include\platform\hal\simulator\sdl2\HALSDL2.hpp">
      <Filter>Header Files\TouchGFX\platform\hal\simulator\sdl2</Filter>
    </ClInclude>
    <ClInclude Include="$(TouchGFXReleasePath)\framework\include\touchgfx\Application.hpp">
      <Filter>Header Files\TouchGFX\touchgfx</Filter>
    </ClInclude>
    <ClInclude Include="$(TouchGFXReleasePath)\framework\include\touchgfx\Bitmap.hpp">
      <Filter>Header Files\TouchGFX\touchgfx</Filter>
    </ClInclude>
    <ClInclude Include="$(TouchGFXReleasePath)\framework\include\touchgfx\Callback.hpp">
      <Filter>Header Files\TouchGFX\touchgfx</Filter>
    </ClInclude>
    <ClInclude Include="$(TouchGFXReleasePath)\framework\include\touchgfx\canvas_widget_renderer\CanvasWidgetRenderer.hpp">
      <Filter>Header Files\TouchGFX\touchgfx\canvas_widget_renderer</Filter>
    </ClInclude>
    <ClInclude Include="$(TouchGFXReleasePath)\framework\include\touchgfx\canvas_widget_renderer\Cell.hpp">
      <Filter>Header Files\TouchGFX\touchgfx\canvas_widget_renderer</Filter>
    </ClInclude>
    <ClInclude Include="$(TouchGFXReleasePath)\framework\include\touchgfx\canvas_widget_renderer\Outline.hpp">
      <Filter>Header Files\TouchGFX\touchgfx\canvas_widget_renderer</Filter>
    </ClInclude>
    <ClInclude Include="$(TouchGFXReleasePath)\framework\include\touchgfx\canvas_widget_renderer\Rasterizer.hpp">
      <Filter>Header Files\TouchGFX\touchgfx\canvas_widget_renderer</Filter>
    </ClInclude>
    <ClInclude Include="$(TouchGFXReleasePath)\framework\include\touchgfx\canvas_widget_renderer\Renderer.hpp">
      <Filter>Header Files\TouchGFX\touchgfx\canvas_widget_renderer</Filter>
    </ClInclude>
    <ClInclude Include="$(TouchGFXReleasePath)\framework\include\touchgfx\canvas_widget_renderer\RenderingBuffer.hpp">
      <Filter>Header Files\TouchGFX\touchgfx\canvas_widget_renderer</Filter>
    </ClInclude>
    <ClInclude Include="$(TouchGFXReleasePath)\framework\include\touchgfx\canvas_widget_renderer\RGBA8.hpp">
      <Filter>Header Files\TouchGFX\touchgfx\canvas_widget_renderer</Filter>
    </ClInclude>
    <ClInclude Include="$(TouchGFXReleasePath)\framework\include\touchgfx\canvas_widget_renderer\Scanline.hpp">
      <Filter>Header Files\TouchGFX\touchgfx\canvas_widget_renderer</Filter>
    </ClInclude>
    <ClInclude Include="$(TouchGFXReleasePath)\framework\include\touchgfx\Color.hpp">
      <Filter>Header Files\TouchGFX\touchgfx</Filter>
    </ClInclude>
    <ClInclude Include="$(TouchGFXReleasePath)\framework\include\touchgfx\ConstFont.hpp">
      <Filter>Header Files\TouchGFX\touchgfx</Filter>
    </ClInclude>
    <ClInclude Include="$(TouchGFXReleasePath)\framework\include\touchgfx\containers\clock\AbstractClock.hpp">
      <Filter>Header Files\TouchGFX\touchgfx\containers\clock</Filter>
    </ClInclude>
    <ClInclude Include="$(TouchGFXReleasePath)\framework\include\touchgfx\containers\clock\AnalogClock.hpp">
      <Filter>Header Files\TouchGFX\touchgfx\containers\clock</Filter>
    </ClInclude>
    <ClInclude Include="$(TouchGFXReleasePath)\framework\include\touchgfx\containers\clock\DigitalClock.hpp">
      <Filter>Header Files\TouchGFX\touchgfx\containers\clock</Filter>
    </ClInclude>
    <ClInclude Include="$(TouchGFXReleasePath)\framework\include\touchgfx\containers\Container.hpp">
      <Filter>Header Files\TouchGFX\touchgfx\containers</Filter>
    </ClInclude>
    <ClInclude Include="$(TouchGFXReleasePath)\framework\include\touchgfx\containers\ListLayout.hpp">
      <Filter>Header Files\TouchGFX\touchgfx\containers</Filter>
    </ClInclude>
    <ClInclude Include="$(TouchGFXReleasePath)\framework\include\touchgfx\containers\ModalWindow.hpp">
      <Filter>Header Files\TouchGFX\touchgfx\containers</Filter>
    </ClInclude>
    <ClInclude Include="$(TouchGFXReleasePath)\framework\include\touchgfx\containers\progress_indicators\AbstractDirectionProgress.hpp">
      <Filter>Header Files\TouchGFX\touchgfx\containers\progress_indicators</Filter>
    </ClInclude>
    <ClInclude Include="$(TouchGFXReleasePath)\framework\include\touchgfx\containers\progress_indicators\AbstractProgressIndicator.hpp">
      <Filter>Header Files\TouchGFX\touchgfx\containers\progress_indicators</Filter>
    </ClInclude>
    <ClInclude Include="$(TouchGFXReleasePath)\framework\include\touchgfx\containers\progress_indicators\BoxProgress.hpp">
      <Filter>Header Files\TouchGFX\touchgfx\containers\progress_indicators</Filter>
    </ClInclude>
    <ClInclude Include="$(TouchGFXReleasePath)\framework\include\touchgfx\containers\progress_indicators\CircleProgress.hpp">
      <Filter>Header Files\TouchGFX\touchgfx\containers\progress_indicators</Filter>
    </ClInclude>
    <ClInclude Include="$(TouchGFXReleasePath)\framework\include\touchgfx\containers\progress_indicators\ImageProgress.hpp">
      <Filter>Header Files\TouchGFX\touchgfx\containers\progress_indicators</Filter>
    </ClInclude>
    <ClInclude Include="$(TouchGFXReleasePath)\framework\include\touchgfx\containers\progress_indicators\LineProgress.hpp">
      <Filter>Header Files\TouchGFX\touchgfx\containers\progress_indicators</Filter>
    </ClInclude>
    <ClInclude Include="$(TouchGFXReleasePath)\framework\include\touchgfx\containers\progress_indicators\TextProgress.hpp">
      <Filter>Header Files\TouchGFX\touchgfx\containers\progress_indicators</Filter>
    </ClInclude>
    <ClInclude Include="$(TouchGFXReleasePath)\framework\include\touchgfx\containers\ScrollableContainer.hpp">
      <Filter>Header Files\TouchGFX\touchgfx\containers</Filter>
    </ClInclude>
    <ClInclude Include="$(TouchGFXReleasePath)\framework\include\touchgfx\containers\SlideMenu.hpp">
      <Filter>Header Files\TouchGFX\touchgfx\containers</Filter>
    </ClInclude>
    <ClInclude Include="$(TouchGFXReleasePath)\framework\include\touchgfx\containers\Slider.hpp">
      <Filter>Header Files\TouchGFX\touchgfx\containers</Filter>
    </ClInclude>
    <ClInclude Include="$(TouchGFXReleasePath)\framework\include\touchgfx\containers\ZoomAnimationImage.hpp">
      <Filter>Header Files\TouchGFX\touchgfx\containers</Filter>
    </ClInclude>
    <ClInclude Include="$(TouchGFXReleasePath)\framework\include\touchgfx\Drawable.hpp">
      <Filter>Header Files\TouchGFX\touchgfx</Filter>
    </ClInclude>
    <ClInclude Include="$(TouchGFXReleasePath)\framework\include\touchgfx\EasingEquations.hpp">
      <Filter>Header Files\TouchGFX\touchgfx</Filter>
    </ClInclude>
    <ClInclude Include="$(TouchGFXReleasePath)\framework\include\touchgfx\Event.hpp">
      <Filter>Header Files\TouchGFX\touchgfx</Filter>
    </ClInclude>
    <ClInclude Include="$(TouchGFXReleasePath)\framework\include\touchgfx\events\ClickEvent.hpp">
      <Filter>Header Files\TouchGFX\touchgfx\events</Filter>
    </ClInclude>
    <ClInclude Include="$(TouchGFXReleasePath)\framework\include\touchgfx\events\DragEvent.hpp">
      <Filter>Header Files\TouchGFX\touchgfx\events</Filter>
    </ClInclude>
    <ClInclude Include="$(TouchGFXReleasePath)\framework\include\touchgfx\events\GestureEvent.hpp">
      <Filter>Header Files\TouchGFX\touchgfx\events</Filter>
    </ClInclude>
    <ClInclude Include="$(TouchGFXReleasePath)\framework\include\touchgfx\Font.hpp">
      <Filter>Header Files\TouchGFX\touchgfx</Filter>
    </ClInclude>
    <ClInclude Include="$(TouchGFXReleasePath)\framework\include\touchgfx\FontManager.hpp">
      <Filter>Header Files\TouchGFX\touchgfx</Filter>
    </ClInclude>
    <ClInclude Include="$(TouchGFXReleasePath)\framework\include\touchgfx\hal\Atomic.hpp">
      <Filter>Header Files\TouchGFX\touchgfx\hal</Filter>
    </ClInclude>
    <ClInclude Include="$(TouchGFXReleasePath)\framework\include\touchgfx\hal\BlitOp.hpp">
      <Filter>Header Files\TouchGFX\touchgfx\hal</Filter>
    </ClInclude>
    <ClInclude Include="$(TouchGFXReleasePath)\framework\include\touchgfx\hal\BoardConfiguration.hpp">
      <Filter>Header Files\TouchGFX\touchgfx\hal</Filter>
    </ClInclude>
    <ClInclude Include="$(TouchGFXReleasePath)\framework\include\touchgfx\hal\Buttons.hpp">
      <Filter>Header Files\TouchGFX\touchgfx\hal</Filter>
    </ClInclude>
    <ClInclude Include="$(TouchGFXReleasePath)\framework\include\touchgfx\hal\Config.hpp">
      <Filter>Header Files\TouchGFX\touchgfx\hal</Filter>
    </ClInclude>
    <ClInclude Include="$(TouchGFXReleasePath)\framework\include\touchgfx\hal\DMA.hpp">
      <Filter>Header Files\TouchGFX\touchgfx\hal</Filter>
    </ClInclude>
    <ClInclude Include="$(TouchGFXReleasePath)\framework\include\touchgfx\hal\Gestures.hpp">
      <Filter>Header Files\TouchGFX\touchgfx\hal</Filter>
    </ClInclude>
    <ClInclude Include="$(TouchGFXReleasePath)\framework\include\touchgfx\hal\GPIO.hpp">
      <Filter>Header Files\TouchGFX\touchgfx\hal</Filter>
    </ClInclude>
    <ClInclude Include="$(TouchGFXReleasePath)\framework\include\touchgfx\hal\HAL.hpp">
      <Filter>Header Files\TouchGFX\touchgfx\hal</Filter>
    </ClInclude>
    <ClInclude Include="$(TouchGFXReleasePath)\framework\include\touchgfx\hal\LED.hpp">
      <Filter>Header Files\TouchGFX\touchgfx\hal</Filter>
    </ClInclude>
    <ClInclude Include="$(TouchGFXReleasePath)\framework\include\touchgfx\hal\NoDMA.hpp">
      <Filter>Header Files\TouchGFX\touchgfx\hal</Filter>
    </ClInclude>
    <ClInclude Include="$(TouchGFXReleasePath)\framework\include\touchgfx\hal\OSWrappers.hpp">
      <Filter>Header Files\TouchGFX\touchgfx\hal</Filter>
    </ClInclude>
    <ClInclude Include="$(TouchGFXReleasePath)\framework\include\touchgfx\hal\Types.hpp">
      <Filter>Header Files\TouchGFX\touchgfx\hal</Filter>
    </ClInclude>
    <ClInclude Include="$(TouchGFXReleasePath)\framework\include\touchgfx\InternalFlashFont.hpp">
      <Filter>Header Files\TouchGFX\touchgfx</Filter>
    </ClInclude>
    <ClInclude Include="$(TouchGFXReleasePath)\framework\include\touchgfx\JSMOCHelper.hpp">
      <Filter>Header Files\TouchGFX\touchgfx</Filter>
    </ClInclude>
    <ClInclude Include="$(TouchGFXReleasePath)\framework\include\touchgfx\lcd\LCD.hpp">
      <Filter>Header Files\TouchGFX\touchgfx\lcd</Filter>
    </ClInclude>
    <ClInclude Include="$(TouchGFXReleasePath)\framework\include\touchgfx\Math3D.hpp">
      <Filter>Header Files\TouchGFX\touchgfx</Filter>
    </ClInclude>
    <ClInclude Include="$(TouchGFXReleasePath)\framework\include\touchgfx\mixins\ClickListener.hpp">
      <Filter>Header Files\TouchGFX\touchgfx\mixins</Filter>
    </ClInclude>
    <ClInclude Include="$(TouchGFXReleasePath)\framework\include\touchgfx\mixins\Draggable.hpp">
      <Filter>Header Files\TouchGFX\touchgfx\mixins</Filter>
    </ClInclude>
    <ClInclude Include="$(TouchGFXReleasePath)\framework\include\touchgfx\mixins\FadeAnimator.hpp">
      <Filter>Header Files\TouchGFX\touchgfx\mixins</Filter>
    </ClInclude>
    <ClInclude Include="$(TouchGFXReleasePath)\framework\include\touchgfx\mixins\MoveAnimator.hpp">
      <Filter>Header Files\TouchGFX\touchgfx\mixins</Filter>
    </ClInclude>
    <ClInclude Include="$(TouchGFXReleasePath)\framework\include\touchgfx\mixins\PreRenderable.hpp">
      <Filter>Header Files\TouchGFX\touchgfx\mixins</Filter>
    </ClInclude>
    <ClInclude Include="$(TouchGFXReleasePath)\framework\include\touchgfx\mixins\Snapper.hpp">
      <Filter>Header Files\TouchGFX\touchgfx\mixins</Filter>
    </ClInclude>
    <ClInclude Include="$(TouchGFXReleasePath)\framework\include\touchgfx\Screen.hpp">
      <Filter>Header Files\TouchGFX\touchgfx</Filter>
    </ClInclude>
    <ClInclude Include="$(TouchGFXReleasePath)\framework\include\touchgfx\TextProvider.hpp">
      <Filter>Header Files\TouchGFX\touchgfx</Filter>
    </ClInclude>
    <ClInclude Include="$(TouchGFXReleasePath)\framework\include\touchgfx\Texts.hpp">
      <Filter>Header Files\TouchGFX\touchgfx</Filter>
    </ClInclude>
    <ClInclude Include="$(TouchGFXReleasePath)\framework\include\touchgfx\TextureMapTypes.hpp">
      <Filter>Header Files\TouchGFX\touchgfx</Filter>
    </ClInclude>
    <ClInclude Include="$(TouchGFXReleasePath)\framework\include\touchgfx\transforms\DisplayTransformation.hpp">
      <Filter>Header Files\TouchGFX\touchgfx\transforms</Filter>
    </ClInclude>
    <ClInclude Include="$(TouchGFXReleasePath)\framework\include\touchgfx\transforms\TouchCalibration.hpp">
      <Filter>Header Files\TouchGFX\touchgfx\transforms</Filter>
    </ClInclude>
    <ClInclude Include="$(TouchGFXReleasePath)\framework\include\touchgfx\transitions\NoTransition.hpp">
      <Filter>Header Files\TouchGFX\touchgfx\transitions</Filter>
    </ClInclude>
    <ClInclude Include="$(TouchGFXReleasePath)\framework\include\touchgfx\transitions\SlideTransition.hpp">
      <Filter>Header Files\TouchGFX\touchgfx\transitions</Filter>
    </ClInclude>
    <ClInclude Include="$(TouchGFXReleasePath)\framework\include\touchgfx\transitions\Transition.hpp">
      <Filter>Header Files\TouchGFX\touchgfx\transitions</Filter>
    </ClInclude>
    <ClInclude Include="$(TouchGFXReleasePath)\framework\include\touchgfx\TypedText.hpp">
      <Filter>Header Files\TouchGFX\touchgfx</Filter>
    </ClInclude>
    <ClInclude Include="$(TouchGFXReleasePath)\framework\include\touchgfx\UIEventListener.hpp">
      <Filter>Header Files\TouchGFX\touchgfx</Filter>
    </ClInclude>
    <ClInclude Include="$(TouchGFXReleasePath)\framework\include\touchgfx\Unicode.hpp">
      <Filter>Header Files\TouchGFX\touchgfx</Filter>
    </ClInclude>
    <ClInclude Include="$(TouchGFXReleasePath)\framework\include\touchgfx\Utils.hpp">
      <Filter>Header Files\TouchGFX\touchgfx</Filter>
    </ClInclude>
    <ClInclude Include="$(TouchGFXReleasePath)\framework\include\touchgfx\widgets\AbstractButton.hpp">
      <Filter>Header Files\TouchGFX\touchgfx\widgets</Filter>
    </ClInclude>
    <ClInclude Include="$(TouchGFXReleasePath)\framework\include\touchgfx\widgets\AnimatedImage.hpp">
      <Filter>Header Files\TouchGFX\touchgfx\widgets</Filter>
    </ClInclude>
    <ClInclude Include="$(TouchGFXReleasePath)\framework\include\touchgfx\widgets\AnimationTextureMapper.hpp">
      <Filter>Header Files\TouchGFX\touchgfx\widgets</Filter>
    </ClInclude>
    <ClInclude Include="$(TouchGFXReleasePath)\framework\include\touchgfx\widgets\Box.hpp">
      <Filter>Header Files\TouchGFX\touchgfx\widgets</Filter>
    </ClInclude>
    <ClInclude Include="$(TouchGFXReleasePath)\framework\include\touchgfx\widgets\Button.hpp">
      <Filter>Header Files\TouchGFX\touchgfx\widgets</Filter>
    </ClInclude>
    <ClInclude Include="$(TouchGFXReleasePath)\framework\include\touchgfx\widgets\ButtonWithIcon.hpp">
      <Filter>Header Files\TouchGFX\touchgfx\widgets</Filter>
    </ClInclude>
    <ClInclude Include="$(TouchGFXReleasePath)\framework\include\touchgfx\widgets\ButtonWithLabel.hpp">
      <Filter>Header Files\TouchGFX\touchgfx\widgets</Filter>
    </ClInclude>
    <ClInclude Include="$(TouchGFXReleasePath)\framework\include\touchgfx\widgets\canvas\AbstractPainter.hpp">
      <Filter>Header Files\TouchGFX\touchgfx\widgets\canvas</Filter>
    </ClInclude>
    <ClInclude Include="$(TouchGFXReleasePath)\framework\include\touchgfx\widgets\canvas\AbstractPainterBW.hpp">
      <Filter>Header Files\TouchGFX\touchgfx\widgets\canvas</Filter>
    </ClInclude>
    <ClInclude Include="$(TouchGFXReleasePath)\framework\include\touchgfx\widgets\canvas\AbstractPainterGRAY2.hpp">
      <Filter>Header Files\TouchGFX\touchgfx\widgets\canvas</Filter>
    </ClInclude>
    <ClInclude Include="$(TouchGFXReleasePath)\framework\include\touchgfx\widgets\canvas\AbstractPainterGRAY4.hpp">
      <Filter>Header Files\TouchGFX\touchgfx\widgets\canvas</Filter>
    </ClInclude>
    <ClInclude Include="$(TouchGFXReleasePath)\framework\include\touchgfx\widgets\canvas\AbstractPainterRGB565.hpp">
      <Filter>Header Files\TouchGFX\touchgfx\widgets\canvas</Filter>
    </ClInclude>
    <ClInclude Include="$(TouchGFXReleasePath)\framework\include\touchgfx\widgets\canvas\AbstractPainterRGB888.hpp">
      <Filter>Header Files\TouchGFX\touchgfx\widgets\canvas</Filter>
    </ClInclude>
    <ClInclude Include="$(TouchGFXReleasePath)\framework\include\touchgfx\widgets\canvas\AbstractShape.hpp">
      <Filter>Header Files\TouchGFX\touchgfx\widgets\canvas</Filter>
    </ClInclude>
    <ClInclude Include="$(TouchGFXReleasePath)\framework\include\touchgfx\widgets\canvas\Canvas.hpp">
      <Filter>Header Files\TouchGFX\touchgfx\widgets\canvas</Filter>
    </ClInclude>
    <ClInclude Include="$(TouchGFXReleasePath)\framework\include\touchgfx\widgets\canvas\CanvasWidget.hpp">
      <Filter>Header Files\TouchGFX\touchgfx\widgets\canvas</Filter>
    </ClInclude>
    <ClInclude Include="$(TouchGFXReleasePath)\framework\include\touchgfx\widgets\canvas\Circle.hpp">
      <Filter>Header Files\TouchGFX\touchgfx\widgets\canvas</Filter>
    </ClInclude>
    <ClInclude Include="$(TouchGFXReleasePath)\framework\include\touchgfx\widgets\canvas\CWRUtil.hpp">
      <Filter>Header Files\TouchGFX\touchgfx\widgets\canvas</Filter>
    </ClInclude>
    <ClInclude Include="$(TouchGFXReleasePath)\framework\include\touchgfx\widgets\canvas\Line.hpp">
      <Filter>Header Files\TouchGFX\touchgfx\widgets\canvas</Filter>
    </ClInclude>
    <ClInclude Include="$(TouchGFXReleasePath)\framework\include\touchgfx\widgets\canvas\PainterBW.hpp">
      <Filter>Header Files\TouchGFX\touchgfx\widgets\canvas</Filter>
    </ClInclude>
    <ClInclude Include="$(TouchGFXReleasePath)\framework\include\touchgfx\widgets\canvas\PainterGRAY2.hpp">
      <Filter>Header Files\TouchGFX\touchgfx\widgets\canvas</Filter>
    </ClInclude>
    <ClInclude Include="$(TouchGFXReleasePath)\framework\include\touchgfx\widgets\canvas\PainterGRAY2Bitmap.hpp">
      <Filter>Header Files\TouchGFX\touchgfx\widgets\canvas</Filter>
    </ClInclude>
    <ClInclude Include="$(TouchGFXReleasePath)\framework\include\touchgfx\widgets\canvas\PainterGRAY4.hpp">
      <Filter>Header Files\TouchGFX\touchgfx\widgets\canvas</Filter>
    </ClInclude>
    <ClInclude Include="$(TouchGFXReleasePath)\framework\include\touchgfx\widgets\canvas\PainterGRAY4Bitmap.hpp">
      <Filter>Header Files\TouchGFX\touchgfx\widgets\canvas</Filter>
    </ClInclude>
    <ClInclude Include="$(TouchGFXReleasePath)\framework\include\touchgfx\widgets\canvas\PainterRGB565.hpp">
      <Filter>Header Files\TouchGFX\touchgfx\widgets\canvas</Filter>
    </ClInclude>
    <ClInclude Include="$(TouchGFXReleasePath)\framework\include\touchgfx\widgets\canvas\PainterRGB565Bitmap.hpp">
      <Filter>Header Files\TouchGFX\touchgfx\widgets\canvas</Filter>
    </ClInclude>
    <ClInclude Include="$(TouchGFXReleasePath)\framework\include\touchgfx\widgets\canvas\PainterRGB888.hpp">
      <Filter>Header Files\TouchGFX\touchgfx\widgets\canvas</Filter>
    </ClInclude>
    <ClInclude Include="$(TouchGFXReleasePath)\framework\include\touchgfx\widgets\canvas\PainterRGB888Bitmap.hpp">
      <Filter>Header Files\TouchGFX\touchgfx\widgets\canvas</Filter>
    </ClInclude>
    <ClInclude Include="$(TouchGFXReleasePath)\framework\include\touchgfx\widgets\canvas\Shape.hpp">
      <Filter>Header Files\TouchGFX\touchgfx\widgets\canvas</Filter>
    </ClInclude>
    <ClInclude Include="$(TouchGFXReleasePath)\framework\include\touchgfx\widgets\Image.hpp">
      <Filter>Header Files\TouchGFX\touchgfx\widgets</Filter>
    </ClInclude>
    <ClInclude Include="$(TouchGFXReleasePath)\framework\include\touchgfx\widgets\Keyboard.hpp">
      <Filter>Header Files\TouchGFX\touchgfx\widgets</Filter>
    </ClInclude>
    <ClInclude Include="$(TouchGFXReleasePath)\framework\include\touchgfx\widgets\PixelDataWidget.hpp">
      <Filter>Header Files\TouchGFX\touchgfx\widgets</Filter>
    </ClInclude>
    <ClInclude Include="$(TouchGFXReleasePath)\framework\include\touchgfx\widgets\RadioButton.hpp">
      <Filter>Header Files\TouchGFX\touchgfx\widgets</Filter>
    </ClInclude>
    <ClInclude Include="$(TouchGFXReleasePath)\framework\include\touchgfx\widgets\RadioButtonGroup.hpp">
      <Filter>Header Files\TouchGFX\touchgfx\widgets</Filter>
    </ClInclude>
    <ClInclude Include="$(TouchGFXReleasePath)\framework\include\touchgfx\widgets\RepeatButton.hpp">
      <Filter>Header Files\TouchGFX\touchgfx\widgets</Filter>
    </ClInclude>
    <ClInclude Include="$(TouchGFXReleasePath)\framework\include\touchgfx\widgets\ScalableImage.hpp">
      <Filter>Header Files\TouchGFX\touchgfx\widgets</Filter>
    </ClInclude>
    <ClInclude Include="$(TouchGFXReleasePath)\framework\include\touchgfx\widgets\SnapshotWidget.hpp">
      <Filter>Header Files\TouchGFX\touchgfx\widgets</Filter>
    </ClInclude>
    <ClInclude Include="$(TouchGFXReleasePath)\framework\include\touchgfx\widgets\TextArea.hpp">
      <Filter>Header Files\TouchGFX\touchgfx\widgets</Filter>
    </ClInclude>
    <ClInclude Include="$(TouchGFXReleasePath)\framework\include\touchgfx\widgets\TextAreaWithWildcard.hpp">
      <Filter>Header Files\TouchGFX\touchgfx\widgets</Filter>
    </ClInclude>
    <ClInclude Include="$(TouchGFXReleasePath)\framework\include\touchgfx\widgets\TextureMapper.hpp">
      <Filter>Header Files\TouchGFX\touchgfx\widgets</Filter>
    </ClInclude>
    <ClInclude Include="$(TouchGFXReleasePath)\framework\include\touchgfx\widgets\TiledImage.hpp">
      <Filter>Header Files\TouchGFX\touchgfx\widgets</Filter>
    </ClInclude>
    <ClInclude Include="$(TouchGFXReleasePath)\framework\include\touchgfx\widgets\ToggleButton.hpp">
      <Filter>Header Files\TouchGFX\touchgfx\widgets</Filter>
    </ClInclude>
    <ClInclude Include="$(TouchGFXReleasePath)\framework\include\touchgfx\widgets\TouchArea.hpp">
      <Filter>Header Files\TouchGFX\touchgfx\widgets</Filter>
    </ClInclude>
    <ClInclude Include="$(TouchGFXReleasePath)\framework\include\touchgfx\widgets\Widget.hpp">
      <Filter>Header Files\TouchGFX\touchgfx\widgets</Filter>
    </ClInclude>
    <ClInclude Include="$(ApplicationRoot)\generated\simulator\include\simulator\mainBase.hpp">
      <Filter>Header Files\generated\simulator</Filter>
    </ClInclude>
    <ClInclude Include="..\..\generated\simulator\include\simulator\video\DirectFrameBufferVideoController.hpp">
      <Filter>Header Files\generated\simulator\include\simulator\video</Filter>
    </ClInclude>
    <ClInclude Include="..\..\gui\include\gui\common\FrontendApplication.hpp">
      <Filter>Header Files\gui\common</Filter>
    </ClInclude>
    <ClInclude Include="..\..\generated\gui_generated\include\gui_generated\common\FrontendApplicationBase.hpp">
      <Filter>Header Files\generated\gui_generated\common</Filter>
    </ClInclude>
    <ClInclude Include="..\..\gui\include\gui\common\FrontendHeap.hpp">
      <Filter>Header Files\gui\common</Filter>
    </ClInclude>
    <ClInclude Include="..\..\generated\gui_generated\include\gui_generated\common\FrontendHeapBase.hpp">
      <Filter>Header Files\generated\gui_generated\common</Filter>
    </ClInclude>
    <ClInclude Include="..\..\generated\simulator\include\simulator\video\MJPEGDecoder.hpp">
      <Filter>Header Files\generated\simulator\include\simulator\video</Filter>
    </ClInclude>
    <ClInclude Include="..\..\gui\include\gui\model\Model.hpp">
      <Filter>Header Files\gui\model</Filter>
    </ClInclude>
    <ClInclude Include="..\..\gui\include\gui\model\ModelListener.hpp">
      <Filter>Header Files\gui\model</Filter>
    </ClInclude>
    <ClInclude Include="..\..\generated\gui_generated\include\gui_generated\common\SimConstants.hpp">
      <Filter>Header Files\generated\gui_generated\common</Filter>
    </ClInclude>
    <ClInclude Include="..\..\generated\simulator\include\simulator\video\SoftwareMJPEGDecoder.hpp">
      <Filter>Header Files\generated\simulator\include\simulator\video</Filter>
    </ClInclude>
    <ClInclude Include="..\..\gui\include\gui\bootscreen_screen\BootScreenPresenter.hpp">
      <Filter>Header Files\gui\bootscreen_screen</Filter>
    </ClInclude>
    <ClInclude Include="..\..\gui\include\gui\bootscreen_screen\BootScreenView.hpp">
      <Filter>Header Files\gui\bootscreen_screen</Filter>
    </ClInclude>
    <ClInclude Include="..\..\generated\gui_generated\include\gui_generated\bootscreen_screen\BootScreenViewBase.hpp">
      <Filter>Header Files\generated\gui_generated\bootscreen_screen</Filter>
    </ClInclude>
    <ClInclude Include="..\..\gui\include\gui\desktopscreen_screen\DesktopScreenPresenter.hpp">
      <Filter>Header Files\gui\desktopscreen_screen</Filter>
    </ClInclude>
    <ClInclude Include="..\..\gui\include\gui\desktopscreen_screen\DesktopScreenView.hpp">
      <Filter>Header Files\gui\desktopscreen_screen</Filter>
    </ClInclude>
    <ClInclude Include="..\..\generated\gui_generated\include\gui_generated\desktopscreen_screen\DesktopScreenViewBase.hpp">
      <Filter>Header Files\generated\gui_generated\desktopscreen_screen</Filter>
    </ClInclude>
    <ClInclude Include="..\..\gui\include\gui\containers\NotificationBarContainer.hpp">
      <Filter>Header Files\gui\containers</Filter>
    </ClInclude>
    <ClInclude Include="..\..\generated\gui_generated\include\gui_generated\containers\NotificationBarContainerBase.hpp">
      <Filter>Header Files\generated\gui_generated\containers</Filter>
    </ClInclude>
    <ClInclude Include="..\..\gui\include\gui\containers\StatusBarContainer.hpp">
      <Filter>Header Files\gui\containers</Filter>
    </ClInclude>
    <ClInclude Include="..\..\generated\gui_generated\include\gui_generated\containers\StatusBarContainerBase.hpp">
      <Filter>Header Files\generated\gui_generated\containers</Filter>
    </ClInclude>
    <ClInclude Include="..\..\gui\include\gui\containers\NavigationBarContainer.hpp">
      <Filter>Header Files\gui\containers</Filter>
    </ClInclude>
    <ClInclude Include="..\..\generated\gui_generated\include\gui_generated\containers\NavigationBarContainerBase.hpp">
      <Filter>Header Files\generated\gui_generated\containers</Filter>
    </ClInclude>
    <ClInclude Include="..\..\gui\include\gui\settingscreen_screen\SettingScreenPresenter.hpp">
      <Filter>Header Files\gui\settingscreen_screen</Filter>
    </ClInclude>
    <ClInclude Include="..\..\gui\include\gui\settingscreen_screen\SettingScreenView.hpp">
      <Filter>Header Files\gui\settingscreen_screen</Filter>
    </ClInclude>
    <ClInclude Include="..\..\generated\gui_generated\include\gui_generated\settingscreen_screen\SettingScreenViewBase.hpp">
      <Filter>Header Files\generated\gui_generated\settingscreen_screen</Filter>
    </ClInclude>
    <ClInclude Include="..\..\gui\include\gui\paddysowingscreen_screen\PaddySowingScreenPresenter.hpp">
      <Filter>Header Files\gui\paddysowingscreen_screen</Filter>
    </ClInclude>
    <ClInclude Include="..\..\gui\include\gui\paddysowingscreen_screen\PaddySowingScreenView.hpp">
      <Filter>Header Files\gui\paddysowingscreen_screen</Filter>
    </ClInclude>
    <ClInclude Include="..\..\generated\gui_generated\include\gui_generated\paddysowingscreen_screen\PaddySowingScreenViewBase.hpp">
      <Filter>Header Files\generated\gui_generated\paddysowingscreen_screen</Filter>
    </ClInclude>
    <ClInclude Include="..\..\gui\include\gui\containers\SeedContainer.hpp">
      <Filter>Header Files\gui\containers</Filter>
    </ClInclude>
    <ClInclude Include="..\..\generated\gui_generated\include\gui_generated\containers\SeedContainerBase.hpp">
      <Filter>Header Files\generated\gui_generated\containers</Filter>
    </ClInclude>
    <ClInclude Include="..\..\gui\include\gui\filemanagerscreen_screen\FileManagerScreenPresenter.hpp">
      <Filter>Header Files\gui\filemanagerscreen_screen</Filter>
    </ClInclude>
    <ClInclude Include="..\..\gui\include\gui\filemanagerscreen_screen\FileManagerScreenView.hpp">
      <Filter>Header Files\gui\filemanagerscreen_screen</Filter>
    </ClInclude>
    <ClInclude Include="..\..\generated\gui_generated\include\gui_generated\filemanagerscreen_screen\FileManagerScreenViewBase.hpp">
      <Filter>Header Files\generated\gui_generated\filemanagerscreen_screen</Filter>
    </ClInclude>
    <ClInclude Include="..\..\gui\include\gui\containers\FileManagerContainer.hpp">
      <Filter>Header Files\gui\containers</Filter>
    </ClInclude>
    <ClInclude Include="..\..\generated\gui_generated\include\gui_generated\containers\FileManagerContainerBase.hpp">
      <Filter>Header Files\generated\gui_generated\containers</Filter>
    </ClInclude>
    <ClInclude Include="..\..\gui\include\gui\containers\BookStarContainer.hpp">
      <Filter>Header Files\gui\containers</Filter>
    </ClInclude>
    <ClInclude Include="..\..\generated\gui_generated\include\gui_generated\containers\BookStarContainerBase.hpp">
      <Filter>Header Files\generated\gui_generated\containers</Filter>
    </ClInclude>
    <ClInclude Include="..\..\gui\include\gui\usbinterconnectionscreen_screen\USBInterconnectionScreenPresenter.hpp">
      <Filter>Header Files\gui\usbinterconnectionscreen_screen</Filter>
    </ClInclude>
    <ClInclude Include="..\..\gui\include\gui\usbinterconnectionscreen_screen\USBInterconnectionScreenView.hpp">
      <Filter>Header Files\gui\usbinterconnectionscreen_screen</Filter>
    </ClInclude>
    <ClInclude Include="..\..\generated\gui_generated\include\gui_generated\usbinterconnectionscreen_screen\USBInterconnectionScreenViewBase.hpp">
      <Filter>Header Files\generated\gui_generated\usbinterconnectionscreen_screen</Filter>
    </ClInclude>
    <ClInclude Include="..\..\gui\include\gui\slavecontrolscreen_screen\SlaveControlScreenPresenter.hpp">
      <Filter>Header Files\gui\slavecontrolscreen_screen</Filter>
    </ClInclude>
    <ClInclude Include="..\..\gui\include\gui\slavecontrolscreen_screen\SlaveControlScreenView.hpp">
      <Filter>Header Files\gui\slavecontrolscreen_screen</Filter>
    </ClInclude>
    <ClInclude Include="..\..\generated\gui_generated\include\gui_generated\slavecontrolscreen_screen\SlaveControlScreenViewBase.hpp">
      <Filter>Header Files\generated\gui_generated\slavecontrolscreen_screen</Filter>
    </ClInclude>
    <ClInclude Include="..\..\gui\include\gui\containers\KeyBoardContainer.hpp">
      <Filter>Header Files\gui\containers</Filter>
    </ClInclude>
    <ClInclude Include="..\..\generated\gui_generated\include\gui_generated\containers\KeyBoardContainerBase.hpp">
      <Filter>Header Files\generated\gui_generated\containers</Filter>
    </ClInclude>
    <ClInclude Include="..\..\gui\include\gui\containers\T9_Input.hpp">
      <Filter>Header Files\gui\containers</Filter>
    </ClInclude>
    <ClInclude Include="..\..\gui\include\gui\containers\T9_InputMb.hpp">
      <Filter>Header Files\gui\containers</Filter>
    </ClInclude>
    <ClInclude Include="..\..\gui\include\gui\rtkconfigurationscreen_screen\RTKConfigurationScreenPresenter.hpp">
      <Filter>Header Files\gui\rtkconfigurationscreen_screen</Filter>
    </ClInclude>
    <ClInclude Include="..\..\gui\include\gui\rtkconfigurationscreen_screen\RTKConfigurationScreenView.hpp">
      <Filter>Header Files\gui\rtkconfigurationscreen_screen</Filter>
    </ClInclude>
    <ClInclude Include="..\..\generated\gui_generated\include\gui_generated\rtkconfigurationscreen_screen\RTKConfigurationScreenViewBase.hpp">
      <Filter>Header Files\generated\gui_generated\rtkconfigurationscreen_screen</Filter>
    </ClInclude>
    <ClInclude Include="..\..\gui\include\gui\screen_4gmodulesetup_screen\Screen_4GModuleSetupPresenter.hpp">
      <Filter>Header Files\gui\screen_4gmodulesetup_screen</Filter>
    </ClInclude>
    <ClInclude Include="..\..\gui\include\gui\screen_4gmodulesetup_screen\Screen_4GModuleSetupView.hpp">
      <Filter>Header Files\gui\screen_4gmodulesetup_screen</Filter>
    </ClInclude>
    <ClInclude Include="..\..\generated\gui_generated\include\gui_generated\screen_4gmodulesetup_screen\Screen_4GModuleSetupViewBase.hpp">
      <Filter>Header Files\generated\gui_generated\screen_4gmodulesetup_screen</Filter>
    </ClInclude>
    <ClInclude Include="..\..\gui\include\gui\containers\Setup4GContainer1.hpp">
      <Filter>Header Files\gui\containers</Filter>
    </ClInclude>
    <ClInclude Include="..\..\generated\gui_generated\include\gui_generated\containers\Setup4GContainer1Base.hpp">
      <Filter>Header Files\generated\gui_generated\containers</Filter>
    </ClInclude>
    <ClInclude Include="..\..\gui\include\gui\containers\Setup4GContainer2.hpp">
      <Filter>Header Files\gui\containers</Filter>
    </ClInclude>
    <ClInclude Include="..\..\generated\gui_generated\include\gui_generated\containers\Setup4GContainer2Base.hpp">
      <Filter>Header Files\generated\gui_generated\containers</Filter>
    </ClInclude>
    <ClInclude Include="..\..\gui\include\gui\radiosscom_screen_screen\RadioSSCOM_ScreenPresenter.hpp">
      <Filter>Header Files\gui\radiosscom_screen_screen</Filter>
    </ClInclude>
    <ClInclude Include="..\..\gui\include\gui\radiosscom_screen_screen\RadioSSCOM_ScreenView.hpp">
      <Filter>Header Files\gui\radiosscom_screen_screen</Filter>
    </ClInclude>
    <ClInclude Include="..\..\generated\gui_generated\include\gui_generated\radiosscom_screen_screen\RadioSSCOM_ScreenViewBase.hpp">
      <Filter>Header Files\generated\gui_generated\radiosscom_screen_screen</Filter>
    </ClInclude>
    <ClInclude Include="..\..\gui\include\gui\containers\NESContainer.hpp">
      <Filter>Header Files\gui\containers</Filter>
    </ClInclude>
    <ClInclude Include="..\..\generated\gui_generated\include\gui_generated\containers\NESContainerBase.hpp">
      <Filter>Header Files\generated\gui_generated\containers</Filter>
    </ClInclude>
    <ClInclude Include="..\..\gui\include\gui\nesscreen_screen\NESScreenPresenter.hpp">
      <Filter>Header Files\gui\nesscreen_screen</Filter>
    </ClInclude>
    <ClInclude Include="..\..\gui\include\gui\nesscreen_screen\NESScreenView.hpp">
      <Filter>Header Files\gui\nesscreen_screen</Filter>
    </ClInclude>
    <ClInclude Include="..\..\generated\gui_generated\include\gui_generated\nesscreen_screen\NESScreenViewBase.hpp">
      <Filter>Header Files\generated\gui_generated\nesscreen_screen</Filter>
    </ClInclude>
    <ClInclude Include="..\..\gui\include\gui\common\ScrollingWheels\ClickableContainer.hpp">
      <Filter>Header Files\gui\common\ScrollingWheels</Filter>
    </ClInclude>
    <ClInclude Include="..\..\gui\include\gui\common\ParticleEffect.hpp">
      <Filter>Header Files\gui\common</Filter>
    </ClInclude>
    <ClInclude Include="..\..\gui\include\gui\common\ScrollingWheels\ParticlesScrollingWheel.hpp">
      <Filter>Header Files\gui\common\ScrollingWheels</Filter>
    </ClInclude>
    <ClInclude Include="..\..\gui\include\gui\common\ScrollingWheels\ScrollingMenu.hpp">
      <Filter>Header Files\gui\common\ScrollingWheels</Filter>
    </ClInclude>
    <ClInclude Include="..\..\gui\include\gui\common\ScrollingWheels\ScrollingWheel.hpp">
      <Filter>Header Files\gui\common\ScrollingWheels</Filter>
    </ClInclude>
    <ClInclude Include="..\..\gui\include\gui\common\ScrollingWheels\SparseContainerList.hpp">
      <Filter>Header Files\gui\common\ScrollingWheels</Filter>
    </ClInclude>
    <ClInclude Include="..\..\gui\include\gui\common\ScrollingWheels\TextAreaWithOneWildcardContainer.hpp">
      <Filter>Header Files\gui\common\ScrollingWheels</Filter>
    </ClInclude>
    <ClInclude Include="..\..\gui\include\gui\common\ScrollingWheels\TouchForwarder.hpp">
      <Filter>Header Files\gui\common\ScrollingWheels</Filter>
    </ClInclude>
    <ClInclude Include="..\..\gui\include\gui\motiontrailscreen_screen\MotionTrailScreenPresenter.hpp">
      <Filter>Header Files\gui\motiontrailscreen_screen</Filter>
    </ClInclude>
    <ClInclude Include="..\..\gui\include\gui\motiontrailscreen_screen\MotionTrailScreenView.hpp">
      <Filter>Header Files\gui\motiontrailscreen_screen</Filter>
    </ClInclude>
    <ClInclude Include="..\..\generated\gui_generated\include\gui_generated\motiontrailscreen_screen\MotionTrailScreenViewBase.hpp">
      <Filter>Header Files\generated\gui_generated\motiontrailscreen_screen</Filter>
    </ClInclude>
    <ClInclude Include="..\..\gui\include\gui\containers\CoordinateDotContainer.hpp">
      <Filter>Header Files\gui\containers</Filter>
    </ClInclude>
    <ClInclude Include="..\..\generated\gui_generated\include\gui_generated\containers\CoordinateDotContainerBase.hpp">
      <Filter>Header Files\generated\gui_generated\containers</Filter>
    </ClInclude>
    <ClInclude Include="..\..\gui\include\gui\containers\CoordinateConversion.hpp">
      <Filter>Header Files\gui\containers</Filter>
    </ClInclude>
  </ItemGroup>
  <ItemGroup>
    <ResourceCompile Include="$(ApplicationRoot)\generated\simulator\touchgfx.rc">
      <Filter>Resource Files</Filter>
    </ResourceCompile>
  </ItemGroup>
</Project>
